
Microsoft Visual Studio Solution File, Format Version 12.00
# Visual Studio Version 16
VisualStudioVersion = 16.0.31321.278
MinimumVisualStudioVersion = 10.0.40219.1
Project("{9A19103F-16F7-4668-BE54-9A1E7A4F7556}") = "KampIntro", "KampIntro\KampIntro.csproj", "{E7BBC4B6-DC12-42DB-975E-4A5E6AB63220}"
EndProject
Project("{9A19103F-16F7-4668-BE54-9A1E7A4F7556}") = "Loops", "Loops\Loops.csproj", "{6EE2A424-5559-4423-8EAC-F70C6AF2723F}"
EndProject
Project("{9A19103F-16F7-4668-BE54-9A1E7A4F7556}") = "ClassIntro", "ClassIntro\ClassIntro.csproj", "{B728C1F9-1B0D-4D4C-B8D6-469C63DA427F}"
EndProject
Project("{9A19103F-16F7-4668-BE54-9A1E7A4F7556}") = "Methods", "Methods\Methods.csproj", "{88689714-6D17-46FF-8407-D7A6B9EDDB3F}"
EndProject
Project("{9A19103F-16F7-4668-BE54-9A1E7A4F7556}") = "MatematikIslemleri", "MatematikIslemleri\MatematikIslemleri.csproj", "{B67A703A-B69F-4240-B4B3-9A5CD256A1A9}"
EndProject
Project("{9A19103F-16F7-4668-BE54-9A1E7A4F7556}") = "DegerVeReferansTipler", "DegerVeReferansTipler\DegerVeReferansTipler.csproj", "{4F326735-6B8B-407B-BD47-AE4FE1EE77DE}"
EndProject
Project("{9A19103F-16F7-4668-BE54-9A1E7A4F7556}") = "OOP1", "OOP1\OOP1.csproj", "{D135B37A-D77D-4434-8B01-A7D1E71DABF2}"
EndProject
Project("{9A19103F-16F7-4668-BE54-9A1E7A4F7556}") = "Collections", "Collections\Collections.csproj", "{B2607923-7829-441B-9851-B210948CCF96}"
EndProject
Project("{9A19103F-16F7-4668-BE54-9A1E7A4F7556}") = "GenericsIntro", "GenericsIntro\GenericsIntro.csproj", "{07BFD928-5106-4251-AE96-7AAA3886B6BD}"
EndProject
Project("{9A19103F-16F7-4668-BE54-9A1E7A4F7556}") = "DictionaryYapısı", "DictionaryYapısı\DictionaryYapısı.csproj", "{5154BC9B-FB6D-4AE4-9EA5-206914F10F25}"
EndProject
Project("{9A19103F-16F7-4668-BE54-9A1E7A4F7556}") = "OOP2", "OOP2\OOP2.csproj", "{C5C40A40-4F75-4868-8BE4-EA6A782D6816}"
EndProject
Project("{FAE04EC0-301F-11D3-BF4B-00C04F79EFBC}") = "OOP3", "OOP3\OOP3.csproj", "{EA9625C4-DE01-457B-BC76-2F7BCB0770D7}"
EndProject
Global
	GlobalSection(SolutionConfigurationPlatforms) = preSolution
		Debug|Any CPU = Debug|Any CPU
		Release|Any CPU = Release|Any CPU
	EndGlobalSection
	GlobalSection(ProjectConfigurationPlatforms) = postSolution
		{E7BBC4B6-DC12-42DB-975E-4A5E6AB63220}.Debug|Any CPU.ActiveCfg = Debug|Any CPU
		{E7BBC4B6-DC12-42DB-975E-4A5E6AB63220}.Debug|Any CPU.Build.0 = Debug|Any CPU
		{E7BBC4B6-DC12-42DB-975E-4A5E6AB63220}.Release|Any CPU.ActiveCfg = Release|Any CPU
		{E7BBC4B6-DC12-42DB-975E-4A5E6AB63220}.Release|Any CPU.Build.0 = Release|Any CPU
		{6EE2A424-5559-4423-8EAC-F70C6AF2723F}.Debug|Any CPU.ActiveCfg = Debug|Any CPU
		{6EE2A424-5559-4423-8EAC-F70C6AF2723F}.Debug|Any CPU.Build.0 = Debug|Any CPU
		{6EE2A424-5559-4423-8EAC-F70C6AF2723F}.Release|Any CPU.ActiveCfg = Release|Any CPU
		{6EE2A424-5559-4423-8EAC-F70C6AF2723F}.Release|Any CPU.Build.0 = Release|Any CPU
		{B728C1F9-1B0D-4D4C-B8D6-469C63DA427F}.Debug|Any CPU.ActiveCfg = Debug|Any CPU
		{B728C1F9-1B0D-4D4C-B8D6-469C63DA427F}.Debug|Any CPU.Build.0 = Debug|Any CPU
		{B728C1F9-1B0D-4D4C-B8D6-469C63DA427F}.Release|Any CPU.ActiveCfg = Release|Any CPU
		{B728C1F9-1B0D-4D4C-B8D6-469C63DA427F}.Release|Any CPU.Build.0 = Release|Any CPU
		{88689714-6D17-46FF-8407-D7A6B9EDDB3F}.Debug|Any CPU.ActiveCfg = Debug|Any CPU
		{88689714-6D17-46FF-8407-D7A6B9EDDB3F}.Debug|Any CPU.Build.0 = Debug|Any CPU
		{88689714-6D17-46FF-8407-D7A6B9EDDB3F}.Release|Any CPU.ActiveCfg = Release|Any CPU
		{88689714-6D17-46FF-8407-D7A6B9EDDB3F}.Release|Any CPU.Build.0 = Release|Any CPU
		{B67A703A-B69F-4240-B4B3-9A5CD256A1A9}.Debug|Any CPU.ActiveCfg = Debug|Any CPU
		{B67A703A-B69F-4240-B4B3-9A5CD256A1A9}.Debug|Any CPU.Build.0 = Debug|Any CPU
		{B67A703A-B69F-4240-B4B3-9A5CD256A1A9}.Release|Any CPU.ActiveCfg = Release|Any CPU
		{B67A703A-B69F-4240-B4B3-9A5CD256A1A9}.Release|Any CPU.Build.0 = Release|Any CPU
		{4F326735-6B8B-407B-BD47-AE4FE1EE77DE}.Debug|Any CPU.ActiveCfg = Debug|Any CPU
		{4F326735-6B8B-407B-BD47-AE4FE1EE77DE}.Debug|Any CPU.Build.0 = Debug|Any CPU
		{4F326735-6B8B-407B-BD47-AE4FE1EE77DE}.Release|Any CPU.ActiveCfg = Release|Any CPU
		{4F326735-6B8B-407B-BD47-AE4FE1EE77DE}.Release|Any CPU.Build.0 = Release|Any CPU
		{D135B37A-D77D-4434-8B01-A7D1E71DABF2}.Debug|Any CPU.ActiveCfg = Debug|Any CPU
		{D135B37A-D77D-4434-8B01-A7D1E71DABF2}.Debug|Any CPU.Build.0 = Debug|Any CPU
		{D135B37A-D77D-4434-8B01-A7D1E71DABF2}.Release|Any CPU.ActiveCfg = Release|Any CPU
		{D135B37A-D77D-4434-8B01-A7D1E71DABF2}.Release|Any CPU.Build.0 = Release|Any CPU
		{B2607923-7829-441B-9851-B210948CCF96}.Debug|Any CPU.ActiveCfg = Debug|Any CPU
		{B2607923-7829-441B-9851-B210948CCF96}.Debug|Any CPU.Build.0 = Debug|Any CPU
		{B2607923-7829-441B-9851-B210948CCF96}.Release|Any CPU.ActiveCfg = Release|Any CPU
		{B2607923-7829-441B-9851-B210948CCF96}.Release|Any CPU.Build.0 = Release|Any CPU
		{07BFD928-5106-4251-AE96-7AAA3886B6BD}.Debug|Any CPU.ActiveCfg = Debug|Any CPU
		{07BFD928-5106-4251-AE96-7AAA3886B6BD}.Debug|Any CPU.Build.0 = Debug|Any CPU
		{07BFD928-5106-4251-AE96-7AAA3886B6BD}.Release|Any CPU.ActiveCfg = Release|Any CPU
		{07BFD928-5106-4251-AE96-7AAA3886B6BD}.Release|Any CPU.Build.0 = Release|Any CPU
		{5154BC9B-FB6D-4AE4-9EA5-206914F10F25}.Debug|Any CPU.ActiveCfg = Debug|Any CPU
		{5154BC9B-FB6D-4AE4-9EA5-206914F10F25}.Debug|Any CPU.Build.0 = Debug|Any CPU
		{5154BC9B-FB6D-4AE4-9EA5-206914F10F25}.Release|Any CPU.ActiveCfg = Release|Any CPU
		{5154BC9B-FB6D-4AE4-9EA5-206914F10F25}.Release|Any CPU.Build.0 = Release|Any CPU
		{C5C40A40-4F75-4868-8BE4-EA6A782D6816}.Debug|Any CPU.ActiveCfg = Debug|Any CPU
		{C5C40A40-4F75-4868-8BE4-EA6A782D6816}.Debug|Any CPU.Build.0 = Debug|Any CPU
		{C5C40A40-4F75-4868-8BE4-EA6A782D6816}.Release|Any CPU.ActiveCfg = Release|Any CPU
		{C5C40A40-4F75-4868-8BE4-EA6A782D6816}.Release|Any CPU.Build.0 = Release|Any CPU
		{EA9625C4-DE01-457B-BC76-2F7BCB0770D7}.Debug|Any CPU.ActiveCfg = Debug|Any CPU
		{EA9625C4-DE01-457B-BC76-2F7BCB0770D7}.Debug|Any CPU.Build.0 = Debug|Any CPU
		{EA9625C4-DE01-457B-BC76-2F7BCB0770D7}.Release|Any CPU.ActiveCfg = Release|Any CPU
		{EA9625C4-DE01-457B-BC76-2F7BCB0770D7}.Release|Any CPU.Build.0 = Release|Any CPU
	EndGlobalSection
	GlobalSection(SolutionProperties) = preSolution
		HideSolutionNode = FALSE
	EndGlobalSection
	GlobalSection(ExtensibilityGlobals) = postSolution
		SolutionGuid = {F868981F-35F3-44D8-B5AE-708C41BAACA6}
	EndGlobalSection
EndGlobal
